{
  "nodes": {
    "nixlib": {
      "locked": {
        "lastModified": 1739667890,
        "narHash": "sha256-7QtSNdCEbYG1v+ZVrFWhBkhlo2GWehPffWC0BP1VZSo=",
        "owner": "nix-community",
        "repo": "nixpkgs.lib",
        "rev": "9b883b6d4d3bd580734ddb4b5bfde8ebffd26559",
        "type": "github"
      },
      "original": {
        "owner": "nix-community",
        "repo": "nixpkgs.lib",
        "type": "github"
      }
    },
    "nixpkgs": {
      "locked": {
        "lastModified": 1739863612,
        "narHash": "sha256-UbtgxplOhFcyjBcNbTVO8+HUHAl/WXFDOb6LvqShiZo=",
        "owner": "NixOS",
        "repo": "nixpkgs",
        "rev": "632f04521e847173c54fa72973ec6c39a371211c",
        "type": "github"
      },
      "original": {
        "owner": "NixOS",
        "ref": "nixpkgs-unstable",
        "repo": "nixpkgs",
        "type": "github"
      }
    },
    "root": {
      "inputs": {
        "nixlib": "nixlib",
        "nixpkgs": "nixpkgs"
      }
    }
  },
  "root": "root",
  "version": 7
}
