{
  "nodes": {
    "nixlib": {
      "locked": {
        "lastModified": 1736039079,
        "narHash": "sha256-ONaTdkME8AJMoQjkydnlUNrzQrIWIdeprkRKW0V1UIE=",
        "owner": "nix-community",
        "repo": "nixpkgs.lib",
        "rev": "e506b7786d099e0dec40e1204c555e3562ee9bf8",
        "type": "github"
      },
      "original": {
        "owner": "nix-community",
        "repo": "nixpkgs.lib",
        "type": "github"
      }
    },
    "nixpkgs": {
      "locked": {
        "lastModified": 1736241350,
        "narHash": "sha256-CHd7yhaDigUuJyDeX0SADbTM9FXfiWaeNyY34FL1wQU=",
        "owner": "NixOS",
        "repo": "nixpkgs",
        "rev": "8c9fd3e564728e90829ee7dbac6edc972971cd0f",
        "type": "github"
      },
      "original": {
        "owner": "NixOS",
        "ref": "nixpkgs-unstable",
        "repo": "nixpkgs",
        "type": "github"
      }
    },
    "root": {
      "inputs": {
        "nixlib": "nixlib",
        "nixpkgs": "nixpkgs"
      }
    }
  },
  "root": "root",
  "version": 7
}
