{
  "nodes": {
    "nixlib": {
      "locked": {
        "lastModified": 1788660765,
        "narHash": "sha256-TCZVUt24NVtTCjGzW+MW9ix+/SY8bNsUQUaOCvICZlY=",
        "owner": "nix-community",
        "repo": "nixpkgs.lib",
        "rev": "a8f6bc6a09bcef940b4568f2b5f5532dcc19f8db",
        "type": "github"
      },
      "original": {
        "owner": "nix-community",
        "repo": "nixpkgs.lib",
        "type": "github"
      }
    },
    "nixpkgs": {
      "locked": {
        "lastModified": 1788982683,
        "narHash": "sha256-PJCTsE4I20CrJJPcye9/z6brRFysG5+aygr/dZK097k=",
        "owner": "NixOS",
        "repo": "nixpkgs",
        "rev": "5052d7ccbcfb7e4ae1586cb2ecf95a2e3707dce9",
        "type": "github"
      },
      "original": {
        "owner": "NixOS",
        "ref": "nixpkgs-unstable",
        "repo": "nixpkgs",
        "type": "github"
      }
    },
    "root": {
      "inputs": {
        "nixlib": "nixlib",
        "nixpkgs": "nixpkgs"
      }
    }
  },
  "root": "root",
  "version": 7
}
